
Microsoft Visual Studio Solution File, Format Version 12.00
# Visual Studio Version 17
VisualStudioVersion = 17.7.34009.444
MinimumVisualStudioVersion = 10.0.40219.1
Project("{FAE04EC0-301F-11D3-BF4B-00C04F79EFBC}") = "Repaso", "Repaso\Repaso.csproj", "{AAD2FFEA-14E1-448B-A276-106CF1EAF29B}"
EndProject
Global
	GlobalSection(SolutionConfigurationPlatforms) = preSolution
		Debug|Any CPU = Debug|Any CPU
		Release|Any CPU = Release|Any CPU
	EndGlobalSection
	GlobalSection(ProjectConfigurationPlatforms) = postSolution
		{AAD2FFEA-14E1-448B-A276-106CF1EAF29B}.Debug|Any CPU.ActiveCfg = Debug|Any CPU
		{AAD2FFEA-14E1-448B-A276-106CF1EAF29B}.Debug|Any CPU.Build.0 = Debug|Any CPU
		{AAD2FFEA-14E1-448B-A276-106CF1EAF29B}.Release|Any CPU.ActiveCfg = Release|Any CPU
		{AAD2FFEA-14E1-448B-A276-106CF1EAF29B}.Release|Any CPU.Build.0 = Release|Any CPU
	EndGlobalSection
	GlobalSection(SolutionProperties) = preSolution
		HideSolutionNode = FALSE
	EndGlobalSection
	GlobalSection(ExtensibilityGlobals) = postSolution
		SolutionGuid = {DCAD62D7-5CDD-4F40-A559-347DF5DEC910}
	EndGlobalSection
EndGlobal
